{
  "name": "lxp",
  "version": "1.0.0",
  "lockfileVersion": 3,
  "requires": true,
  "packages": {
    "": {
      "name": "lxp",
      "version": "1.0.0",
      "hasInstallScript": true,
      "license": "ISC",
      "devDependencies": {
        "@types/react-big-calendar": "^1.8.4"
      }
    },
    "node_modules/@types/date-arithmetic": {
      "version": "4.1.4",
      "resolved": "https://registry.npmjs.org/@types/date-arithmetic/-/date-arithmetic-4.1.4.tgz",
      "integrity": "sha512-p9eZ2X9B80iKiTW4ukVj8B4K6q9/+xFtQ5MGYA5HWToY9nL4EkhV9+6ftT2VHpVMEZb5Tv00Iel516bVdO+yRw==",
      "dev": true
    },
    "node_modules/@types/prop-types": {
      "version": "15.7.10",
      "resolved": "https://registry.npmjs.org/@types/prop-types/-/prop-types-15.7.10.tgz",
      "integrity": "sha512-mxSnDQxPqsZxmeShFH+uwQ4kO4gcJcGahjjMFeLbKE95IAZiiZyiEepGZjtXJ7hN/yfu0bu9xN2ajcU0JcxX6A==",
      "dev": true
    },
    "node_modules/@types/react": {
      "version": "18.2.37",
      "resolved": "https://registry.npmjs.org/@types/react/-/react-18.2.37.tgz",
      "integrity": "sha512-RGAYMi2bhRgEXT3f4B92WTohopH6bIXw05FuGlmJEnv/omEn190+QYEIYxIAuIBdKgboYYdVved2p1AxZVQnaw==",
      "dev": true,
      "dependencies": {
        "@types/prop-types": "*",
        "@types/scheduler": "*",
        "csstype": "^3.0.2"
      }
    },
    "node_modules/@types/react-big-calendar": {
      "version": "1.8.4",
      "resolved": "https://registry.npmjs.org/@types/react-big-calendar/-/react-big-calendar-1.8.4.tgz",
      "integrity": "sha512-hmobr37m9b4qw3jvGNQQL4u6KzmKeDJUUmMF4X5Y3FY4azKqVASSe1Rmo5a2iUNKhSfNKtwpWNMYdER9tn2rgg==",
      "dev": true,
      "dependencies": {
        "@types/date-arithmetic": "*",
        "@types/prop-types": "*",
        "@types/react": "*"
      }
    },
    "node_modules/@types/scheduler": {
      "version": "0.16.6",
      "resolved": "https://registry.npmjs.org/@types/scheduler/-/scheduler-0.16.6.tgz",
      "integrity": "sha512-Vlktnchmkylvc9SnwwwozTv04L/e1NykF5vgoQ0XTmI8DD+wxfjQuHuvHS3p0r2jz2x2ghPs2h1FVeDirIteWA==",
      "dev": true
    },
    "node_modules/csstype": {
      "version": "3.1.2",
      "resolved": "https://registry.npmjs.org/csstype/-/csstype-3.1.2.tgz",
      "integrity": "sha512-I7K1Uu0MBPzaFKg4nI5Q7Vs2t+3gWWW648spaF+Rg7pI9ds18Ugn+lvg4SHczUdKlHI5LWBXyqfS8+DufyBsgQ==",
      "dev": true
    }
  }
}
